
Microsoft Visual Studio Solution File, Format Version 12.00
# Visual Studio Version 16
VisualStudioVersion = 16.0.30717.126
MinimumVisualStudioVersion = 10.0.40219.1
Project("{2150E333-8FDC-42A3-9474-1A3956D46DE8}") = "SDK", "SDK", "{5C18FCD6-12C7-4748-A6B1-FFB2217F1468}"
	ProjectSection(SolutionItems) = preProject
		SDK\SdkHeaders.h = SDK\SdkHeaders.h
	EndProjectSection
EndProject
Project("{2150E333-8FDC-42A3-9474-1A3956D46DE8}") = "SDK_HEADERS", "SDK_HEADERS", "{5B414B23-3936-49ED-B15F-B1ADC39825B4}"
	ProjectSection(SolutionItems) = preProject
		SDK\SDK_HEADERS\AkAudio_classes.h = SDK\SDK_HEADERS\AkAudio_classes.h
		SDK\SDK_HEADERS\AkAudio_f_structs.h = SDK\SDK_HEADERS\AkAudio_f_structs.h
		SDK\SDK_HEADERS\AkAudio_functions.h = SDK\SDK_HEADERS\AkAudio_functions.h
		SDK\SDK_HEADERS\AkAudio_structs.h = SDK\SDK_HEADERS\AkAudio_structs.h
		SDK\SDK_HEADERS\Core_classes.h = SDK\SDK_HEADERS\Core_classes.h
		SDK\SDK_HEADERS\Core_f_structs.h = SDK\SDK_HEADERS\Core_f_structs.h
		SDK\SDK_HEADERS\core_functions.h = SDK\SDK_HEADERS\core_functions.h
		SDK\SDK_HEADERS\Core_structs.h = SDK\SDK_HEADERS\Core_structs.h
		SDK\SDK_HEADERS\Engine_classes.h = SDK\SDK_HEADERS\Engine_classes.h
		SDK\SDK_HEADERS\Engine_f_structs.h = SDK\SDK_HEADERS\Engine_f_structs.h
		SDK\SDK_HEADERS\Engine_functions.h = SDK\SDK_HEADERS\Engine_functions.h
		SDK\SDK_HEADERS\Engine_structs.h = SDK\SDK_HEADERS\Engine_structs.h
		SDK\SDK_HEADERS\FoxGame_classes.h = SDK\SDK_HEADERS\FoxGame_classes.h
		SDK\SDK_HEADERS\FoxGame_f_structs.h = SDK\SDK_HEADERS\FoxGame_f_structs.h
		SDK\SDK_HEADERS\FoxGame_functions.h = SDK\SDK_HEADERS\FoxGame_functions.h
		SDK\SDK_HEADERS\FoxGame_structs.h = SDK\SDK_HEADERS\FoxGame_structs.h
		SDK\SDK_HEADERS\foxgamecontent_cha_classes.h = SDK\SDK_HEADERS\foxgamecontent_cha_classes.h
		SDK\SDK_HEADERS\foxgamecontent_cha_f_structs.h = SDK\SDK_HEADERS\foxgamecontent_cha_f_structs.h
		SDK\SDK_HEADERS\foxgamecontent_cha_functions.h = SDK\SDK_HEADERS\foxgamecontent_cha_functions.h
		SDK\SDK_HEADERS\foxgamecontent_cha_structs.h = SDK\SDK_HEADERS\foxgamecontent_cha_structs.h
		SDK\SDK_HEADERS\FoxGameContent_classes.h = SDK\SDK_HEADERS\FoxGameContent_classes.h
		SDK\SDK_HEADERS\foxgamecontent_dlc1_classes.h = SDK\SDK_HEADERS\foxgamecontent_dlc1_classes.h
		SDK\SDK_HEADERS\foxgamecontent_dlc1_f_structs.h = SDK\SDK_HEADERS\foxgamecontent_dlc1_f_structs.h
		SDK\SDK_HEADERS\foxgamecontent_dlc1_functions.h = SDK\SDK_HEADERS\foxgamecontent_dlc1_functions.h
		SDK\SDK_HEADERS\foxgamecontent_dlc1_structs.h = SDK\SDK_HEADERS\foxgamecontent_dlc1_structs.h
		SDK\SDK_HEADERS\foxgamecontent_dlc2_classes.h = SDK\SDK_HEADERS\foxgamecontent_dlc2_classes.h
		SDK\SDK_HEADERS\foxgamecontent_dlc2_f_structs.h = SDK\SDK_HEADERS\foxgamecontent_dlc2_f_structs.h
		SDK\SDK_HEADERS\foxgamecontent_dlc2_functions.h = SDK\SDK_HEADERS\foxgamecontent_dlc2_functions.h
		SDK\SDK_HEADERS\foxgamecontent_dlc2_structs.h = SDK\SDK_HEADERS\foxgamecontent_dlc2_structs.h
		SDK\SDK_HEADERS\foxgamecontent_dlc3_classes.h = SDK\SDK_HEADERS\foxgamecontent_dlc3_classes.h
		SDK\SDK_HEADERS\foxgamecontent_dlc3_f_structs.h = SDK\SDK_HEADERS\foxgamecontent_dlc3_f_structs.h
		SDK\SDK_HEADERS\foxgamecontent_dlc3_functions.h = SDK\SDK_HEADERS\foxgamecontent_dlc3_functions.h
		SDK\SDK_HEADERS\foxgamecontent_dlc3_structs.h = SDK\SDK_HEADERS\foxgamecontent_dlc3_structs.h
		SDK\SDK_HEADERS\foxgamecontent_dlc4_classes.h = SDK\SDK_HEADERS\foxgamecontent_dlc4_classes.h
		SDK\SDK_HEADERS\foxgamecontent_dlc4_f_structs.h = SDK\SDK_HEADERS\foxgamecontent_dlc4_f_structs.h
		SDK\SDK_HEADERS\foxgamecontent_dlc4_functions.h = SDK\SDK_HEADERS\foxgamecontent_dlc4_functions.h
		SDK\SDK_HEADERS\foxgamecontent_dlc4_structs.h = SDK\SDK_HEADERS\foxgamecontent_dlc4_structs.h
		SDK\SDK_HEADERS\foxgamecontent_dlc5_classes.h = SDK\SDK_HEADERS\foxgamecontent_dlc5_classes.h
		SDK\SDK_HEADERS\foxgamecontent_dlc5_f_structs.h = SDK\SDK_HEADERS\foxgamecontent_dlc5_f_structs.h
		SDK\SDK_HEADERS\foxgamecontent_dlc5_functions.h = SDK\SDK_HEADERS\foxgamecontent_dlc5_functions.h
		SDK\SDK_HEADERS\foxgamecontent_dlc5_structs.h = SDK\SDK_HEADERS\foxgamecontent_dlc5_structs.h
		SDK\SDK_HEADERS\foxgamecontent_dlc6_classes.h = SDK\SDK_HEADERS\foxgamecontent_dlc6_classes.h
		SDK\SDK_HEADERS\foxgamecontent_dlc6_f_structs.h = SDK\SDK_HEADERS\foxgamecontent_dlc6_f_structs.h
		SDK\SDK_HEADERS\foxgamecontent_dlc6_functions.h = SDK\SDK_HEADERS\foxgamecontent_dlc6_functions.h
		SDK\SDK_HEADERS\foxgamecontent_dlc6_structs.h = SDK\SDK_HEADERS\foxgamecontent_dlc6_structs.h
		SDK\SDK_HEADERS\FoxGameContent_f_structs.h = SDK\SDK_HEADERS\FoxGameContent_f_structs.h
		SDK\SDK_HEADERS\FoxGameContent_functions.h = SDK\SDK_HEADERS\FoxGameContent_functions.h
		SDK\SDK_HEADERS\foxgamecontent_os_classes.h = SDK\SDK_HEADERS\foxgamecontent_os_classes.h
		SDK\SDK_HEADERS\foxgamecontent_os_f_structs.h = SDK\SDK_HEADERS\foxgamecontent_os_f_structs.h
		SDK\SDK_HEADERS\foxgamecontent_os_functions.h = SDK\SDK_HEADERS\foxgamecontent_os_functions.h
		SDK\SDK_HEADERS\foxgamecontent_os_structs.h = SDK\SDK_HEADERS\foxgamecontent_os_structs.h
		SDK\SDK_HEADERS\foxgamecontent_snd_classes.h = SDK\SDK_HEADERS\foxgamecontent_snd_classes.h
		SDK\SDK_HEADERS\foxgamecontent_snd_f_structs.h = SDK\SDK_HEADERS\foxgamecontent_snd_f_structs.h
		SDK\SDK_HEADERS\foxgamecontent_snd_functions.h = SDK\SDK_HEADERS\foxgamecontent_snd_functions.h
		SDK\SDK_HEADERS\foxgamecontent_snd_structs.h = SDK\SDK_HEADERS\foxgamecontent_snd_structs.h
		SDK\SDK_HEADERS\FoxGameContent_structs.h = SDK\SDK_HEADERS\FoxGameContent_structs.h
		SDK\SDK_HEADERS\foxgamecontent_wpn_classes.h = SDK\SDK_HEADERS\foxgamecontent_wpn_classes.h
		SDK\SDK_HEADERS\foxgamecontent_wpn_f_structs.h = SDK\SDK_HEADERS\foxgamecontent_wpn_f_structs.h
		SDK\SDK_HEADERS\foxgamecontent_wpn_functions.h = SDK\SDK_HEADERS\foxgamecontent_wpn_functions.h
		SDK\SDK_HEADERS\foxgamecontent_wpn_structs.h = SDK\SDK_HEADERS\foxgamecontent_wpn_structs.h
		SDK\SDK_HEADERS\foxgamecontent_wpnc_classes.h = SDK\SDK_HEADERS\foxgamecontent_wpnc_classes.h
		SDK\SDK_HEADERS\foxgamecontent_wpnc_f_structs.h = SDK\SDK_HEADERS\foxgamecontent_wpnc_f_structs.h
		SDK\SDK_HEADERS\foxgamecontent_wpnc_functions.h = SDK\SDK_HEADERS\foxgamecontent_wpnc_functions.h
		SDK\SDK_HEADERS\foxgamecontent_wpnc_structs.h = SDK\SDK_HEADERS\foxgamecontent_wpnc_structs.h
		SDK\SDK_HEADERS\foxgamecontent_wpng_classes.h = SDK\SDK_HEADERS\foxgamecontent_wpng_classes.h
		SDK\SDK_HEADERS\foxgamecontent_wpng_f_structs.h = SDK\SDK_HEADERS\foxgamecontent_wpng_f_structs.h
		SDK\SDK_HEADERS\foxgamecontent_wpng_functions.h = SDK\SDK_HEADERS\foxgamecontent_wpng_functions.h
		SDK\SDK_HEADERS\foxgamecontent_wpng_structs.h = SDK\SDK_HEADERS\foxgamecontent_wpng_structs.h
		SDK\SDK_HEADERS\foxgamecontent_wpns_classes.h = SDK\SDK_HEADERS\foxgamecontent_wpns_classes.h
		SDK\SDK_HEADERS\foxgamecontent_wpns_f_structs.h = SDK\SDK_HEADERS\foxgamecontent_wpns_f_structs.h
		SDK\SDK_HEADERS\foxgamecontent_wpns_functions.h = SDK\SDK_HEADERS\foxgamecontent_wpns_functions.h
		SDK\SDK_HEADERS\foxgamecontent_wpns_structs.h = SDK\SDK_HEADERS\foxgamecontent_wpns_structs.h
		SDK\SDK_HEADERS\GameFramework_classes.h = SDK\SDK_HEADERS\GameFramework_classes.h
		SDK\SDK_HEADERS\GameFramework_f_structs.h = SDK\SDK_HEADERS\GameFramework_f_structs.h
		SDK\SDK_HEADERS\GameFramework_functions.h = SDK\SDK_HEADERS\GameFramework_functions.h
		SDK\SDK_HEADERS\GameFramework_structs.h = SDK\SDK_HEADERS\GameFramework_structs.h
		SDK\SDK_HEADERS\GFxUI_classes.h = SDK\SDK_HEADERS\GFxUI_classes.h
		SDK\SDK_HEADERS\GFxUI_f_structs.h = SDK\SDK_HEADERS\GFxUI_f_structs.h
		SDK\SDK_HEADERS\GFxUI_functions.h = SDK\SDK_HEADERS\GFxUI_functions.h
		SDK\SDK_HEADERS\GFxUI_structs.h = SDK\SDK_HEADERS\GFxUI_structs.h
		SDK\SDK_HEADERS\IpDrv_classes.h = SDK\SDK_HEADERS\IpDrv_classes.h
		SDK\SDK_HEADERS\IpDrv_f_structs.h = SDK\SDK_HEADERS\IpDrv_f_structs.h
		SDK\SDK_HEADERS\IpDrv_functions.h = SDK\SDK_HEADERS\IpDrv_functions.h
		SDK\SDK_HEADERS\IpDrv_structs.h = SDK\SDK_HEADERS\IpDrv_structs.h
		SDK\SDK_HEADERS\OnlineSubsystemPW_classes.h = SDK\SDK_HEADERS\OnlineSubsystemPW_classes.h
		SDK\SDK_HEADERS\OnlineSubsystemPW_f_structs.h = SDK\SDK_HEADERS\OnlineSubsystemPW_f_structs.h
		SDK\SDK_HEADERS\OnlineSubsystemPW_functions.h = SDK\SDK_HEADERS\OnlineSubsystemPW_functions.h
		SDK\SDK_HEADERS\OnlineSubsystemPW_structs.h = SDK\SDK_HEADERS\OnlineSubsystemPW_structs.h
		SDK\SDK_HEADERS\WinDrv_classes.h = SDK\SDK_HEADERS\WinDrv_classes.h
		SDK\SDK_HEADERS\WinDrv_f_structs.h = SDK\SDK_HEADERS\WinDrv_f_structs.h
		SDK\SDK_HEADERS\WinDrv_functions.h = SDK\SDK_HEADERS\WinDrv_functions.h
		SDK\SDK_HEADERS\WinDrv_structs.h = SDK\SDK_HEADERS\WinDrv_structs.h
		SDK\SDK_HEADERS\XAudio2_classes.h = SDK\SDK_HEADERS\XAudio2_classes.h
		SDK\SDK_HEADERS\XAudio2_f_structs.h = SDK\SDK_HEADERS\XAudio2_f_structs.h
		SDK\SDK_HEADERS\XAudio2_functions.h = SDK\SDK_HEADERS\XAudio2_functions.h
		SDK\SDK_HEADERS\XAudio2_structs.h = SDK\SDK_HEADERS\XAudio2_structs.h
	EndProjectSection
EndProject
Global
	GlobalSection(SolutionProperties) = preSolution
		HideSolutionNode = FALSE
	EndGlobalSection
	GlobalSection(NestedProjects) = preSolution
		{5B414B23-3936-49ED-B15F-B1ADC39825B4} = {5C18FCD6-12C7-4748-A6B1-FFB2217F1468}
	EndGlobalSection
	GlobalSection(ExtensibilityGlobals) = postSolution
		SolutionGuid = {2CAD360B-B299-45CF-A342-C7F2F96D5D19}
	EndGlobalSection
EndGlobal
